<Solution>
  <Folder Name="/Plugins/">
    <Project Path="plugins/Providers.DragonflyDb/DataTray.Providers.DragonflyDb.csproj" />
    <Project Path="plugins/Providers.Elasticsearch/DataTray.Providers.Elasticsearch.csproj" />
    <Project Path="plugins/Providers.MongoDb/DataTray.Providers.MongoDb.csproj" />
    <Project Path="plugins/Providers.Redis/DataTray.Providers.Redis.csproj" />
    <Project Path="plugins/Providers.Template/DataTray.Providers.Template.csproj" />
    <Project Path="plugins/Backends.Docker/DataTray.Backends.Docker.csproj" />
    <Project Path="plugins/Tools.MsSqlBacpac/DataTray.Tools.MsSqlBacpac.csproj" />
    <Project Path="plugins/Tools.UniversalBackup/DataTray.Tools.UniversalBackup.csproj" />
    <Project Path="src/DataTray.Providers.MsSql/DataTray.Providers.MsSql.csproj" />
    <Project Path="src/DataTray.Providers.MySql/DataTray.Providers.MySql.csproj" />
    <Project Path="src/DataTray.Providers.Postgres/DataTray.Providers.Postgres.csproj" />
    <Project Path="src/DataTray.Providers.Sqlite/DataTray.Providers.Sqlite.csproj" />
    <Project Path="src/DataTray.Tools.MsSqlAdmin/DataTray.Tools.MsSqlAdmin.csproj" />
    <Project Path="src/DataTray.Mcp.Server/DataTray.Mcp.Server.csproj" />
    <Project Path="src/DataTray.Mcp.Hosting/DataTray.Mcp.Hosting.csproj" />
  </Folder>
  <Folder Name="/src/">
    <Project Path="src/DataTray.App/DataTray.App.csproj" />
    <Project Path="src/DataTray.Core/DataTray.Core.csproj" />
    <Project Path="src/DataTray.Desktop/DataTray.Desktop.csproj" />
    <Project Path="src/DataTray.Infrastructure/DataTray.Infrastructure.csproj" />
    <Project Path="src/DataTray.Screenshots/DataTray.Screenshots.csproj" />
    <Project Path="src/DataTray.Sdk/DataTray.Sdk.csproj" />
    <Project Path="plugins/Tools.CopyTable/DataTray.Tools.CopyTable.csproj" />
    <Project Path="plugins/Tools.GenerateScripts/DataTray.Tools.GenerateScripts.csproj" />
    <Project Path="plugins/Tools.SchemaDiff/DataTray.Tools.SchemaDiff.csproj" />
  </Folder>
  ~<Folder Name="/tests/">
    <Project Path="tests/DataTray.App.Tests/DataTray.App.Tests.csproj" />
    <Project Path="tests/DataTray.Backends.Docker.Tests/DataTray.Backends.Docker.Tests.csproj" />
    <Project Path="tests/DataTray.Core.Tests/DataTray.Core.Tests.csproj" />
    <Project Path="tests/DataTray.Tools.CopyTable.Tests/DataTray.Tools.CopyTable.Tests.csproj" />
    <Project Path="tests/DataTray.Tools.GenerateScripts.Tests/DataTray.Tools.GenerateScripts.Tests.csproj" />
    <Project Path="tests/DataTray.Tools.SchemaDiff.Tests/DataTray.Tools.SchemaDiff.Tests.csproj" />
  </Folder>
</Solution>
